# Generated by conda-lock.
# platform: linux-aarch64
# input_hash: 4be0235ba730de081d3039f4da3429680bbb1d33e08c70516272aff4ea98c1e3
@EXPLICIT
https://conda.anaconda.org/conda-forge/linux-aarch64/libgomp-15.2.0-he277a41_7.conda#34cef4753287c36441f907d5fdd78d42
https://conda.anaconda.org/conda-forge/noarch/nlohmann_json-abi-3.12.0-h0f90c79_1.conda#59659d0213082bc13be8500bab80c002
https://conda.anaconda.org/conda-forge/noarch/pybind11-abi-11-hc364b38_1.conda#f0599959a2447c1e544e216bddf393fa
https://conda.anaconda.org/conda-forge/noarch/python_abi-3.12-8_cp312.conda#c3efd25ac4d74b1584d2f7a57195ddf1
https://conda.anaconda.org/conda-forge/noarch/tzdata-2025b-h78e105d_0.conda#4222072737ccff51314b5ece9c7d6f5a
https://conda.anaconda.org/conda-forge/linux-aarch64/_openmp_mutex-4.5-2_gnu.tar.bz2#6168d71addc746e8f2b8d57dfd2edcea
https://conda.anaconda.org/conda-forge/noarch/ca-certificates-2025.11.12-hbd8a1cb_0.conda#f0991f0f84902f6b6009b4d2350a83aa
https://conda.anaconda.org/conda-forge/linux-aarch64/libgcc-15.2.0-he277a41_7.conda#afa05d91f8d57dd30985827a09c21464
https://conda.anaconda.org/conda-forge/linux-aarch64/bzip2-1.0.8-h4777abc_8.conda#2921ac0b541bf37c69e66bd6d9a43bca
https://conda.anaconda.org/conda-forge/linux-aarch64/c-ares-1.34.5-h86ecc28_0.conda#5deaa903d46d62a1f8077ad359c3062e
https://conda.anaconda.org/conda-forge/linux-aarch64/keyutils-1.6.3-h86ecc28_0.conda#e7df0aab10b9cbb73ab2a467ebfaf8c7
https://conda.anaconda.org/conda-forge/linux-aarch64/libbrotlicommon-1.2.0-he30d5cf_1.conda#8ec1d03f3000108899d1799d9964f281
https://conda.anaconda.org/conda-forge/linux-aarch64/libdeflate-1.25-h1af38f5_0.conda#a9138815598fe6b91a1d6782ca657b0c
https://conda.anaconda.org/conda-forge/linux-aarch64/libexpat-2.7.3-hfae3067_0.conda#b414e36fbb7ca122030276c75fa9c34a
https://conda.anaconda.org/conda-forge/linux-aarch64/libffi-3.5.2-hd65408f_0.conda#0c5ad486dcfb188885e3cf8ba209b97b
https://conda.anaconda.org/conda-forge/linux-aarch64/libgcc-ng-15.2.0-he9431aa_7.conda#a5ce1f0a32f02c75c11580c5b2f9258a
https://conda.anaconda.org/conda-forge/linux-aarch64/libgfortran5-15.2.0-h87db57e_7.conda#dd7233e2874ea59e92f7d24d26bb341b
https://conda.anaconda.org/conda-forge/linux-aarch64/libiconv-1.18-h90929bb_2.conda#5a86bf847b9b926f3a4f203339748d78
https://conda.anaconda.org/conda-forge/linux-aarch64/libjpeg-turbo-3.1.2-he30d5cf_0.conda#5109d7f837a3dfdf5c60f60e311b041f
https://conda.anaconda.org/conda-forge/linux-aarch64/liblzma-5.8.1-h86ecc28_2.conda#7d362346a479256857ab338588190da0
https://conda.anaconda.org/conda-forge/linux-aarch64/libnsl-2.0.1-h86ecc28_1.conda#d5d58b2dc3e57073fe22303f5fed4db7
https://conda.anaconda.org/conda-forge/linux-aarch64/libstdcxx-15.2.0-h3f4de04_7.conda#6a2f0ee17851251a85fbebafbe707d2d
https://conda.anaconda.org/conda-forge/linux-aarch64/libuuid-2.41.2-h3e4203c_0.conda#3a68e44fdf2a2811672520fdd62996bd
https://conda.anaconda.org/conda-forge/linux-aarch64/libwebp-base-1.6.0-ha2e29f5_0.conda#24e92d0942c799db387f5c9d7b81f1af
https://conda.anaconda.org/conda-forge/linux-aarch64/libzlib-1.3.1-h86ecc28_2.conda#08aad7cbe9f5a6b460d0976076b6ae64
https://conda.anaconda.org/conda-forge/linux-aarch64/lzo-2.10-h80f16a2_1002.conda#97af2e332449dd9e92ad7db93b02e918
https://conda.anaconda.org/conda-forge/linux-aarch64/ncurses-6.5-ha32ae93_3.conda#182afabe009dc78d8b73100255ee6868
https://conda.anaconda.org/conda-forge/linux-aarch64/openssl-3.6.0-h8e36d6e_0.conda#7624c6e01aecba942e9115e0f5a2af9d
https://conda.anaconda.org/conda-forge/linux-aarch64/pthread-stubs-0.4-h86ecc28_1002.conda#bb5a90c93e3bac3d5690acf76b4a6386
https://conda.anaconda.org/conda-forge/linux-aarch64/reproc-14.2.5.post0-h86ecc28_0.conda#70b14ba118c2c19b240a39577b3e607a
https://conda.anaconda.org/conda-forge/linux-aarch64/xorg-libxau-1.0.12-he30d5cf_1.conda#1c246e1105000c3660558459e2fd6d43
https://conda.anaconda.org/conda-forge/linux-aarch64/xorg-libxdmcp-1.1.5-he30d5cf_1.conda#bff06dcde4a707339d66d45d96ceb2e2
https://conda.anaconda.org/conda-forge/linux-aarch64/yaml-0.2.5-h80f16a2_3.conda#032d8030e4a24fe1f72c74423a46fb88
https://conda.anaconda.org/conda-forge/linux-aarch64/cpp-expected-1.3.1-hdc560ac_0.conda#13f0be21fdd39114c28501ac21f0dd00
https://conda.anaconda.org/conda-forge/linux-aarch64/fmt-12.0.0-h416241a_0.conda#16e5ddbcf5ccea402f82fb859e369978
https://conda.anaconda.org/conda-forge/linux-aarch64/lerc-4.0.0-hfdc4d58_1.conda#60dceb7e876f4d74a9cbd42bbbc6b9cf
https://conda.anaconda.org/conda-forge/linux-aarch64/libbrotlidec-1.2.0-he30d5cf_1.conda#47e5b71b77bb8b47b4ecf9659492977f
https://conda.anaconda.org/conda-forge/linux-aarch64/libbrotlienc-1.2.0-he30d5cf_1.conda#6553a5d017fe14859ea8a4e6ea5def8f
https://conda.anaconda.org/conda-forge/linux-aarch64/libedit-3.1.20250104-pl5321h976ea20_0.conda#fb640d776fc92b682a14e001980825b1
https://conda.anaconda.org/conda-forge/linux-aarch64/libev-4.33-h31becfc_2.conda#a9a13cb143bbaa477b1ebaefbe47a302
https://conda.anaconda.org/conda-forge/linux-aarch64/libgfortran-15.2.0-he9431aa_7.conda#ffe6ad135bd85bb594a6da1d78768f7c
https://conda.anaconda.org/conda-forge/linux-aarch64/libpng-1.6.51-h1abf092_0.conda#913b1a53ee5f71ce323a15593597be0b
https://conda.anaconda.org/conda-forge/linux-aarch64/libsolv-0.7.35-hdda61c4_0.conda#3e817cbcc10f018c547a1b4885094b15
https://conda.anaconda.org/conda-forge/linux-aarch64/libsqlite-3.51.0-h022381a_0.conda#8920ce2226463a3815e2183c8b5008b8
https://conda.anaconda.org/conda-forge/linux-aarch64/libssh2-1.11.1-h18c354c_0.conda#eecc495bcfdd9da8058969656f916cc2
https://conda.anaconda.org/conda-forge/linux-aarch64/libstdcxx-ng-15.2.0-hf1166c9_7.conda#9e5deec886ad32f3c6791b3b75c78681
https://conda.anaconda.org/conda-forge/linux-aarch64/libxcb-1.17.0-h262b8f6_0.conda#cd14ee5cca2464a425b1dbfc24d90db2
https://conda.anaconda.org/conda-forge/linux-aarch64/libxcrypt-4.4.36-h31becfc_1.conda#b4df5d7d4b63579d081fd3a4cf99740e
https://conda.anaconda.org/conda-forge/linux-aarch64/lz4-c-1.10.0-h5ad3122_1.conda#6654e411da94011e8fbe004eacb8fe11
https://conda.anaconda.org/conda-forge/linux-aarch64/pcre2-10.47-hf841c20_0.conda#1a30c42e32ca0ea216bd0bfe6f842f0b
https://conda.anaconda.org/conda-forge/linux-aarch64/readline-8.2-h8382b9d_2.conda#c0f08fc2737967edde1a272d4bf41ed9
https://conda.anaconda.org/conda-forge/linux-aarch64/reproc-cpp-14.2.5.post0-h5ad3122_0.conda#fde98968589573ad478b504642319105
https://conda.anaconda.org/conda-forge/linux-aarch64/simdjson-4.2.2-hfefdfc9_0.conda#af9d75e8c464a3264d517be412cfda65
https://conda.anaconda.org/conda-forge/linux-aarch64/tk-8.6.13-noxft_h561c983_103.conda#631db4799bc2bfe4daccf80bb3cbc433
https://conda.anaconda.org/conda-forge/linux-aarch64/yaml-cpp-0.8.0-h5ad3122_0.conda#b9e5a9da5729019c4f216cf0d386a70c
https://conda.anaconda.org/conda-forge/linux-aarch64/zlib-ng-2.2.5-h92288e7_0.conda#ffbcf78fd47999748154300e9f2a6f39
https://conda.anaconda.org/conda-forge/linux-aarch64/zstd-1.5.7-hbcf94c1_2.conda#5be90c5a3e4b43c53e38f50a85e11527
https://conda.anaconda.org/conda-forge/linux-aarch64/brotli-bin-1.2.0-he30d5cf_1.conda#b31f6f3a888c3f8f4c5a9dafc2575187
https://conda.anaconda.org/conda-forge/linux-aarch64/icu-75.1-hf9b3779_0.conda#268203e8b983fddb6412b36f2024e75c
https://conda.anaconda.org/conda-forge/linux-aarch64/krb5-1.21.3-h50a48e9_0.conda#29c10432a2ca1472b53f299ffb2ffa37
https://conda.anaconda.org/conda-forge/linux-aarch64/ld_impl_linux-aarch64-2.45-default_h1979696_104.conda#28035705fe0c977ea33963489cd008ad
https://conda.anaconda.org/conda-forge/linux-aarch64/libfreetype6-2.14.1-hdae7a39_0.conda#9c2f56b6e011c6d8010ff43b796aab2f
https://conda.anaconda.org/conda-forge/linux-aarch64/libglib-2.86.2-hf53f6bf_1.conda#fac25b441c132bb72cff2452a5ab6cd6
https://conda.anaconda.org/conda-forge/linux-aarch64/libnghttp2-1.67.0-ha888d0e_0.conda#981082c1cc262f514a5a2cf37cab9b81
https://conda.anaconda.org/conda-forge/linux-aarch64/libopenblas-0.3.30-pthreads_h9d3fd7e_4.conda#11d7d57b7bdd01da745bbf2b67020b2e
https://conda.anaconda.org/conda-forge/linux-aarch64/libtiff-4.7.1-hdb009f0_1.conda#8c6fd84f9c87ac00636007c6131e457d
https://conda.anaconda.org/conda-forge/linux-aarch64/qhull-2020.2-h70be974_5.conda#bb138086d938e2b64f5f364945793ebf
https://conda.anaconda.org/conda-forge/linux-aarch64/brotli-1.2.0-hd651790_1.conda#5c933384d588a06cd8dac78ca2864aab
https://conda.anaconda.org/conda-forge/linux-aarch64/dbus-1.16.2-heda779d_0.conda#9203b74bb1f3fa0d6f308094b3b44c1e
https://conda.anaconda.org/conda-forge/linux-aarch64/lcms2-2.17-hc88f144_0.conda#b87b1abd2542cf65a00ad2e2461a3083
https://conda.anaconda.org/conda-forge/linux-aarch64/libblas-3.11.0-2_haddc8a3_openblas.conda#1a4b8fba71eb980ac7fb0f2ab86f295d
https://conda.anaconda.org/conda-forge/linux-aarch64/libcurl-8.17.0-h7bfdcfb_0.conda#468c392e41a0cfc30aed58139fc8d58f
https://conda.anaconda.org/conda-forge/linux-aarch64/libfreetype-2.14.1-h8af1aa0_0.conda#1e61fb236ccd3d6ccaf9e91cb2d7e12d
https://conda.anaconda.org/conda-forge/linux-aarch64/libxml2-16-2.15.1-h8591a01_0.conda#e7177c6fbbf815da7b215b4cc3e70208
https://conda.anaconda.org/conda-forge/linux-aarch64/openjpeg-2.5.4-h5da879a_0.conda#cea962410e327262346d48d01f05936c
https://conda.anaconda.org/conda-forge/linux-aarch64/python-3.12.12-h91f4b29_1_cpython.conda#823e8543dd3abc98b2982fea10f3daea
https://conda.anaconda.org/conda-forge/noarch/appdirs-1.4.4-pyhd8ed1ab_1.conda#f4e90937bbfc3a4a92539545a37bb448
https://conda.anaconda.org/conda-forge/noarch/archspec-0.2.5-pyhd8ed1ab_0.conda#845b38297fca2f2d18a29748e2ece7fa
https://conda.anaconda.org/conda-forge/noarch/backports-1.0-pyhd8ed1ab_5.conda#767d508c1a67e02ae8f50e44cacfadb2
https://conda.anaconda.org/conda-forge/linux-aarch64/backports.zstd-1.1.0-py312h3d8e7d4_0.conda#de96799fe73ac2ac558c85be213335e9
https://conda.anaconda.org/conda-forge/noarch/blinker-1.9.0-pyhff2d567_0.conda#42834439227a4551b939beeeb8a4b085
https://conda.anaconda.org/conda-forge/noarch/boltons-25.0.0-pyhd8ed1ab_0.conda#c7eb87af73750d6fd97eff8bbee8cb9c
https://conda.anaconda.org/conda-forge/linux-aarch64/brotli-python-1.2.0-py312hac7b6a9_1.conda#d64147176625536a8024e26577c5e894
https://conda.anaconda.org/conda-forge/noarch/certifi-2025.11.12-pyhd8ed1ab_0.conda#96a02a5c1a65470a7e4eedb644c872fd
https://conda.anaconda.org/conda-forge/noarch/charset-normalizer-3.4.4-pyhd8ed1ab_0.conda#a22d1fd9bf98827e280a02875d9a007a
https://conda.anaconda.org/conda-forge/noarch/click-8.3.1-pyh707e725_0.conda#9ba00b39e03a0afb2b1cc0767d4c6175
https://conda.anaconda.org/conda-forge/noarch/colorama-0.4.6-pyhd8ed1ab_1.conda#962b9857ee8e7018c22f2776ffa0b2d7
https://conda.anaconda.org/conda-forge/noarch/crashtest-0.4.1-pyhd8ed1ab_1.conda#e036e2f76d9c9aebc12510ed23352b6c
https://conda.anaconda.org/conda-forge/noarch/cycler-0.12.1-pyhd8ed1ab_1.conda#44600c4667a319d67dbe0681fc0bc833
https://conda.anaconda.org/conda-forge/noarch/distlib-0.4.0-pyhd8ed1ab_0.conda#003b8ba0a94e2f1e117d0bd46aebc901
https://conda.anaconda.org/conda-forge/noarch/distro-1.9.0-pyhd8ed1ab_1.conda#0a2014fd9860f8b1eaa0b1f3d3771a08
https://conda.anaconda.org/conda-forge/noarch/et_xmlfile-2.0.0-pyhd8ed1ab_1.conda#71bf9646cbfabf3022c8da4b6b4da737
https://conda.anaconda.org/conda-forge/noarch/filelock-3.20.0-pyhd8ed1ab_0.conda#66b8b26023b8efdf8fcb23bac4b6325d
https://conda.anaconda.org/conda-forge/linux-aarch64/freetype-2.14.1-h8af1aa0_0.conda#0c8f36ebd3678eed1685f0fc93fc2175
https://conda.anaconda.org/conda-forge/linux-aarch64/frozendict-2.4.7-py312hcd1a082_0.conda#35643851ef90e6d64cbdb50dda8a273f
https://conda.anaconda.org/conda-forge/noarch/future-1.0.0-pyhd8ed1ab_2.conda#1054c53c95d85e35b88143a3eda66373
https://conda.anaconda.org/conda-forge/noarch/hpack-4.1.0-pyhd8ed1ab_0.conda#0a802cb9888dd14eeefc611f05c40b6e
https://conda.anaconda.org/conda-forge/noarch/hyperframe-6.1.0-pyhd8ed1ab_0.conda#8e6923fc12f1fe8f8c4e5c9f343256ac
https://conda.anaconda.org/conda-forge/noarch/idna-3.11-pyhd8ed1ab_0.conda#53abe63df7e10a6ba605dc5f9f961d36
https://conda.anaconda.org/conda-forge/noarch/itsdangerous-2.2.0-pyhd8ed1ab_1.conda#7ac5f795c15f288984e32add616cdc59
https://conda.anaconda.org/conda-forge/noarch/jeepney-0.9.0-pyhd8ed1ab_0.conda#b4b91eb14fbe2f850dd2c5fc20676c0d
https://conda.anaconda.org/conda-forge/linux-aarch64/jsonpointer-3.0.0-py312h996f985_2.conda#46075b80a4b1295bffdeb9dd1f43b1c5
https://conda.anaconda.org/conda-forge/linux-aarch64/kiwisolver-1.4.9-py312h1683e8e_2.conda#b1d3e3106c1d103d367298dcfa77837a
https://conda.anaconda.org/conda-forge/linux-aarch64/libcblas-3.11.0-2_hd72aa62_openblas.conda#a074a14e43abb50d4a38fff28a791259
https://conda.anaconda.org/conda-forge/linux-aarch64/liblapack-3.11.0-2_h88aeb00_openblas.conda#c73b83da5563196bdfd021579c45d54c
https://conda.anaconda.org/conda-forge/linux-aarch64/libxml2-2.15.1-h788dabe_0.conda#a0e7779b7625b88e37df9bd73f0638dc
https://conda.anaconda.org/conda-forge/linux-aarch64/lz4-4.4.5-py312he78555a_0.conda#9327d9ce1b2a6f30e8aa07859f648a3e
https://conda.anaconda.org/conda-forge/linux-aarch64/markupsafe-3.0.3-py312hd077ced_0.conda#d4e5ac7000bdc398b3cfba57f01e7e63
https://conda.anaconda.org/conda-forge/linux-aarch64/menuinst-2.4.1-py312h996f985_0.conda#7470a5fc36e2e0f236825c39a9923b51
https://conda.anaconda.org/conda-forge/noarch/more-itertools-10.8.0-pyhd8ed1ab_0.conda#d7620a15dc400b448e1c88a981b23ddd
https://conda.anaconda.org/conda-forge/linux-aarch64/msgpack-python-1.1.2-py312h4f740d2_1.conda#fa2dab79048dfea842cb4f6eac8301fb
https://conda.anaconda.org/conda-forge/noarch/multitasking-0.0.12-pyhd8ed1ab_0.conda#f9a504fddf5bc43439e93391f5c50a1a
https://conda.anaconda.org/conda-forge/noarch/munkres-1.1.4-pyhd8ed1ab_1.conda#37293a85a0f4f77bbd9cf7aaefc62609
https://conda.anaconda.org/conda-forge/noarch/narwhals-2.12.0-pyhcf101f3_0.conda#02cab382663872083b7e8675f09d9c21
https://conda.anaconda.org/conda-forge/noarch/nest-asyncio-1.6.0-pyhd8ed1ab_1.conda#598fd7d4d0de2455fb74f56063969a97
https://conda.anaconda.org/conda-forge/noarch/networkx-3.6-pyhcf101f3_0.conda#6725bfdf8ea7a8bf6415f096f3f1ffa5
https://conda.anaconda.org/conda-forge/noarch/packaging-25.0-pyh29332c3_1.conda#58335b26c38bf4a20f399384c33cbcf9
https://conda.anaconda.org/conda-forge/linux-aarch64/peewee-3.18.3-py312h5cb82ce_0.conda#3b2fce007d8eed972d6b1e9dcfeb93be
https://conda.anaconda.org/conda-forge/linux-aarch64/pillow-12.0.0-py312h659b9f1_0.conda#7bcd4e69c63ddc7a5a8fd8a4104d5b07
https://conda.anaconda.org/conda-forge/noarch/pkginfo-1.12.1.2-pyhd8ed1ab_0.conda#dc702b2fae7ebe770aff3c83adb16b63
https://conda.anaconda.org/conda-forge/noarch/platformdirs-4.5.0-pyhcf101f3_0.conda#5c7a868f8241e64e1cf5fdf4962f23e2
https://conda.anaconda.org/conda-forge/noarch/pluggy-1.6.0-pyhd8ed1ab_0.conda#7da7ccd349dbf6487a7778579d2bb971
https://conda.anaconda.org/conda-forge/linux-aarch64/pycosat-0.6.6-py312hcd1a082_3.conda#34ca5539bd71cca41c910429ab90f2df
https://conda.anaconda.org/conda-forge/noarch/pycparser-2.22-pyh29332c3_1.conda#12c566707c80111f9799308d9e265aef
https://conda.anaconda.org/conda-forge/noarch/pyparsing-3.2.5-pyhcf101f3_0.conda#6c8979be6d7a17692793114fa26916e8
https://conda.anaconda.org/conda-forge/noarch/pysocks-1.7.1-pyha55dd90_7.conda#461219d1a5bd61342293efa2c0c90eac
https://conda.anaconda.org/conda-forge/noarch/python-fastjsonschema-2.21.2-pyhe01879c_0.conda#23029aae904a2ba587daba708208012f
https://conda.anaconda.org/conda-forge/noarch/python-installer-0.7.0-pyhff2d567_1.conda#e27480eebcdf247209e90da706ebef8d
https://conda.anaconda.org/conda-forge/noarch/python-tzdata-2025.2-pyhd8ed1ab_0.conda#88476ae6ebd24f39261e0854ac244f33
https://conda.anaconda.org/conda-forge/noarch/pytz-2025.2-pyhd8ed1ab_0.conda#bc8e3267d44011051f2eb14d22fb0960
https://conda.anaconda.org/conda-forge/linux-aarch64/pyyaml-6.0.3-py312ha4530ae_0.conda#428aed4a70236d95492c11da941fe1dc
https://conda.anaconda.org/conda-forge/noarch/retrying-1.4.2-pyhe01879c_0.conda#128b46a47ea164f9a8659cb6da2f3555
https://conda.anaconda.org/conda-forge/linux-aarch64/ruamel.yaml.clib-0.2.14-py312hcd1a082_0.conda#83eab306caa1dd72ed0fbd8a87db7920
https://conda.anaconda.org/conda-forge/noarch/semver-3.0.4-pyhd8ed1ab_0.conda#982aa48accc06494cbd2b51af69e17c7
https://conda.anaconda.org/conda-forge/noarch/setuptools-80.9.0-pyhff2d567_0.conda#4de79c071274a53dcaf2a8c749d1499e
https://conda.anaconda.org/conda-forge/noarch/shellingham-1.5.4-pyhd8ed1ab_2.conda#83ea3a2ddb7a75c1b09cea582aa4f106
https://conda.anaconda.org/conda-forge/noarch/six-1.17.0-pyhe01879c_1.conda#3339e3b65d58accf4ca4fb8748ab16b3
https://conda.anaconda.org/conda-forge/noarch/smmap-5.0.2-pyhd8ed1ab_0.conda#87f47a78808baf2fa1ea9c315a1e48f1
https://conda.anaconda.org/conda-forge/noarch/soupsieve-2.8-pyhd8ed1ab_0.conda#18c019ccf43769d211f2cf78e9ad46c2
https://conda.anaconda.org/conda-forge/noarch/strsimpy-0.1.9-pyh9f0ad1d_0.tar.bz2#7f34c888317a1353f9f2c288ad67b24c
https://conda.anaconda.org/conda-forge/noarch/threadpoolctl-3.6.0-pyhecae5ae_0.conda#9d64911b31d57ca443e9f1e36b04385f
https://conda.anaconda.org/conda-forge/noarch/tomli-2.3.0-pyhcf101f3_0.conda#d2732eb636c264dc9aa4cbee404b1a53
https://conda.anaconda.org/conda-forge/noarch/tomlkit-0.13.3-pyha770c72_0.conda#146402bf0f11cbeb8f781fa4309a95d3
https://conda.anaconda.org/conda-forge/noarch/trove-classifiers-2025.11.14.15-pyhd8ed1ab_0.conda#e976edbb0821092956a85f1e7b627a97
https://conda.anaconda.org/conda-forge/noarch/truststore-0.10.3-pyhe01879c_0.conda#15afca3bec34c3ecbeb2028f81a51772
https://conda.anaconda.org/conda-forge/noarch/typing_extensions-4.15.0-pyhcf101f3_0.conda#0caa1af407ecff61170c9437a808404d
https://conda.anaconda.org/conda-forge/linux-aarch64/unicodedata2-17.0.0-py312hcd1a082_1.conda#24e0209609c4372af491052b6c637b2e
https://conda.anaconda.org/conda-forge/noarch/webencodings-0.5.1-pyhd8ed1ab_3.conda#2841eb5bfc75ce15e9a0054b98dcd64d
https://conda.anaconda.org/conda-forge/noarch/wheel-0.45.1-pyhd8ed1ab_1.conda#75cb7132eb58d97896e173ef12ac9986
https://conda.anaconda.org/conda-forge/noarch/xlrd-2.0.2-pyhd8ed1ab_0.conda#91f5637b706492b9e418da1872fd61ce
https://conda.anaconda.org/conda-forge/noarch/zipp-3.23.0-pyhd8ed1ab_0.conda#df5e78d904988eb55042c0c97446079f
https://conda.anaconda.org/conda-forge/noarch/backports.tarfile-1.2.0-pyhd8ed1ab_1.conda#df837d654933488220b454c6a3b0fad6
https://conda.anaconda.org/conda-forge/linux-aarch64/cffi-2.0.0-py312h1b372e3_1.conda#1e7bf495417ed1c23ccd6ec1075b8403
https://conda.anaconda.org/conda-forge/noarch/click-default-group-1.2.4-pyhd8ed1ab_1.conda#7cd83dd6831b61ad9624a694e4afd7dc
https://conda.anaconda.org/conda-forge/linux-aarch64/fonttools-4.60.1-py312ha4530ae_0.conda#4d710d5f6fe3382dbc6cea46194fe9e7
https://conda.anaconda.org/conda-forge/noarch/gitdb-4.0.12-pyhd8ed1ab_0.conda#7c14f3706e099f8fcd47af2d494616cc
https://conda.anaconda.org/conda-forge/noarch/h2-4.3.0-pyhcf101f3_0.conda#164fc43f0b53b6e3a7bc7dce5e4f1dc9
https://conda.anaconda.org/conda-forge/noarch/html5lib-1.1-pyhd8ed1ab_2.conda#cf25bfddbd3bc275f3d3f9936cee1dd3
https://conda.anaconda.org/conda-forge/noarch/importlib-metadata-8.7.0-pyhe01879c_1.conda#63ccfdc3a3ce25b027b8767eb722fca8
https://conda.anaconda.org/conda-forge/noarch/importlib_resources-6.5.2-pyhd8ed1ab_0.conda#c85c76dc67d75619a92f51dfbce06992
https://conda.anaconda.org/conda-forge/noarch/jaraco.classes-3.4.0-pyhd8ed1ab_2.conda#ade6b25a6136661dadd1a43e4350b10b
https://conda.anaconda.org/conda-forge/noarch/jaraco.functools-4.3.0-pyhd8ed1ab_0.conda#b86839fa387a5b904846e77c84167e57
https://conda.anaconda.org/conda-forge/noarch/jinja2-3.1.6-pyhd8ed1ab_0.conda#446bd6c8cb26050d528881df495ce646
https://conda.anaconda.org/conda-forge/noarch/joblib-1.5.2-pyhd8ed1ab_0.conda#4e717929cfa0d49cef92d911e31d0e90
https://conda.anaconda.org/conda-forge/noarch/jsonpatch-1.33-pyhd8ed1ab_1.conda#cb60ae9cf02b9fcb8004dec4089e5691
https://conda.anaconda.org/conda-forge/linux-aarch64/libarchive-3.8.2-gpl_hd746d8a_100.conda#8049fe499bdbc53930e86dc9686caa00
https://conda.anaconda.org/conda-forge/linux-aarch64/libxslt-1.1.43-h6700d25_1.conda#0f31501ccd51a40f0a91381080ae7368
https://conda.anaconda.org/conda-forge/linux-aarch64/numpy-2.3.5-py312h6615c27_0.conda#3fa53862c88c84b5e8bb9cc6cf454491
https://conda.anaconda.org/conda-forge/linux-aarch64/openpyxl-3.1.5-py312h6c49482_2.conda#6a500c7a28e20c3435d7e22f2a864575
https://conda.anaconda.org/conda-forge/noarch/pip-25.3-pyh8b19718_0.conda#c55515ca43c6444d2572e0f0d93cb6b9
https://conda.anaconda.org/conda-forge/noarch/plotly-6.5.0-pyhd8ed1ab_0.conda#6d4c79b604d50c1140c32164f7eca72a
https://conda.anaconda.org/conda-forge/noarch/pyproject_hooks-1.2.0-pyhd8ed1ab_1.conda#d4582021af437c931d7d77ec39007845
https://conda.anaconda.org/conda-forge/noarch/python-dateutil-2.9.0.post0-pyhe01879c_2.conda#5b8d21249ff20967101ffa321cab24e8
https://conda.anaconda.org/conda-forge/linux-aarch64/ruamel.yaml-0.18.16-py312hcd1a082_0.conda#e108bb2db61001dbca4bae5a17dbed4a
https://conda.anaconda.org/conda-forge/noarch/tqdm-4.67.1-pyhd8ed1ab_1.conda#9efbfdc37242619130ea42b1cc4ed861
https://conda.anaconda.org/conda-forge/noarch/typing-extensions-4.15.0-h396c80c_0.conda#edd329d7d3a4ab45dcf905899a7a6115
https://conda.anaconda.org/conda-forge/noarch/typing-inspection-0.4.2-pyhd8ed1ab_0.conda#399701494e731ce73fdd86c185a3d1b4
https://conda.anaconda.org/conda-forge/noarch/virtualenv-20.35.4-pyhd8ed1ab_0.conda#cfccfd4e8d9de82ed75c8e2c91cab375
https://conda.anaconda.org/conda-forge/noarch/werkzeug-3.1.3-pyhd8ed1ab_1.conda#0a9b57c159d56b508613cc39022c1b9e
https://conda.anaconda.org/conda-forge/noarch/annotated-types-0.7.0-pyhd8ed1ab_1.conda#2934f256a8acfe48f6ebb4fce6cde29c
https://conda.anaconda.org/conda-forge/noarch/beautifulsoup4-4.14.2-pyha770c72_0.conda#749ebebabc2cae99b2e5b3edd04c6ca2
https://conda.anaconda.org/conda-forge/linux-aarch64/contourpy-1.3.3-py312h4f740d2_3.conda#9e16abf6b2f65b807ad95a629c2fa188
https://conda.anaconda.org/conda-forge/linux-aarch64/cryptography-46.0.3-py312h4cd2d69_0.conda#aca49396b7d8e3e1573c6c426fbcbb1e
https://conda.anaconda.org/conda-forge/noarch/flask-3.1.2-pyhd8ed1ab_0.conda#ba67a9febeda36948fee26a3dec3d914
https://conda.anaconda.org/conda-forge/noarch/gitpython-3.1.45-pyhff2d567_0.conda#b91d463ea8be13bcbe644ae8bc99c39f
https://conda.anaconda.org/conda-forge/noarch/jaraco.context-6.0.1-pyhd8ed1ab_0.conda#bcc023a32ea1c44a790bbf1eae473486
https://conda.anaconda.org/conda-forge/linux-aarch64/libmamba-2.4.0-h493998d_0.conda#8e1fea0e42009b1da55325651d403043
https://conda.anaconda.org/conda-forge/linux-aarch64/lxml-6.0.2-py312hfe2c7ef_2.conda#983284a6f53b262a69412c25cbd0bcb3
https://conda.anaconda.org/conda-forge/linux-aarch64/pandas-2.3.3-py312hdc0efb6_1.conda#f7dda316692dda5537c6c454df716c6b
https://conda.anaconda.org/conda-forge/noarch/patsy-1.0.2-pyhcf101f3_0.conda#8678577a52161cc4e1c93fcc18e8a646
https://conda.anaconda.org/conda-forge/linux-aarch64/pydantic-core-2.41.5-py312h5eb8f6c_1.conda#6977d372f3465d6546492bc33ce2fa75
https://conda.anaconda.org/conda-forge/noarch/python-build-1.3.0-pyhff2d567_0.conda#ed5d43e9ef92cc2a9872f9bdfe94b984
https://conda.anaconda.org/conda-forge/linux-aarch64/scipy-1.16.3-py312h410a068_1.conda#f2a7882ef9116c62439b6756d0f3355d
https://conda.anaconda.org/conda-forge/linux-aarch64/zstandard-0.25.0-py312hd41f8a7_1.conda#4acea03c550a782f0ee70440303b3af5
https://conda.anaconda.org/conda-forge/noarch/conda-package-streaming-0.12.0-pyhd8ed1ab_0.conda#ff75d06af779966a5aeae1be1d409b96
https://conda.anaconda.org/conda-forge/noarch/flask-compress-1.23-pyhcf101f3_0.conda#4b9e6aa474e9a1360b9675461a17e1ea
https://conda.anaconda.org/conda-forge/linux-aarch64/libmambapy-2.4.0-py312h9322a64_0.conda#b46ca2d09c025d1ebb56c0dc15cc47c5
https://conda.anaconda.org/conda-forge/linux-aarch64/mamba-2.4.0-h9f03fac_0.conda#5e52dd82460f1df0305346be68457478
https://conda.anaconda.org/conda-forge/linux-aarch64/matplotlib-base-3.10.8-py312h9d0c5ba_0.conda#970c9ee448eab5a3166041012044b5ee
https://conda.anaconda.org/conda-forge/noarch/pydantic-2.12.4-pyh3cfb1c2_0.conda#bf6ce72315b6759453d8c90a894e9e4c
https://conda.anaconda.org/conda-forge/linux-aarch64/scikit-learn-1.7.2-py312hb982b15_0.conda#3429e7f784493b22b831e7e67c5709c8
https://conda.anaconda.org/conda-forge/linux-aarch64/secretstorage-3.4.1-py312h8025657_0.conda#af1842f473b2be3dfa558a7383b1175e
https://conda.anaconda.org/conda-forge/linux-aarch64/statsmodels-0.14.5-py312h5fde510_1.conda#17653cda545067fecb145796861e7804
https://conda.anaconda.org/conda-forge/noarch/urllib3-2.5.0-pyhd8ed1ab_0.conda#436c165519e140cb08d246a4472a9d6a
https://conda.anaconda.org/conda-forge/noarch/xarray-2025.11.0-pyhcf101f3_0.conda#e5770e751eb8b23cd86571400e8722be
https://conda.anaconda.org/conda-forge/linux-aarch64/dulwich-0.22.8-py312h8cbf658_0.conda#81a4e279700e8e15df975eb681b3cc18
https://conda.anaconda.org/conda-forge/noarch/keyring-25.7.0-pyha804496_0.conda#9eeb0eaf04fa934808d3e070eebbe630
https://conda.anaconda.org/conda-forge/noarch/requests-2.32.5-pyhd8ed1ab_0.conda#db0c6b99149880c8ba515cf4abe93ee4
https://conda.anaconda.org/conda-forge/noarch/seaborn-base-0.13.2-pyhd8ed1ab_3.conda#fd96da444e81f9e6fcaac38590f3dd42
https://conda.anaconda.org/conda-forge/noarch/squarify-0.4.3-py_0.tar.bz2#c475458b05eedee1b4ba031652fefb02
https://conda.anaconda.org/conda-forge/noarch/cachecontrol-0.14.3-pyha770c72_0.conda#241ef6e3db47a143ac34c21bfba510f1
https://conda.anaconda.org/conda-forge/noarch/conda-package-handling-2.4.0-pyh7900ff3_2.conda#32c158f481b4fd7630c565030f7bc482
https://conda.anaconda.org/conda-forge/noarch/dash-3.3.0-pyhd8ed1ab_0.conda#1e4dab5c51cef84cf867108cddb09835
https://conda.anaconda.org/conda-forge/noarch/ensureconda-1.6.0-pyhcf101f3_0.conda#fcc02785e4da41e5f19f740e017b6ffb
https://conda.anaconda.org/conda-forge/noarch/requests-toolbelt-1.0.0-pyhd8ed1ab_1.conda#66de8645e324fda0ea6ef28c2f99a2ab
https://conda.anaconda.org/conda-forge/noarch/seaborn-0.13.2-hd8ed1ab_3.conda#62afb877ca2c2b4b6f9ecb37320085b6
https://conda.anaconda.org/conda-forge/noarch/yfinance-0.2.57-pyhd8ed1ab_0.conda#aab3ca53d9e353198f00ecd690d300d7
https://conda.anaconda.org/conda-forge/noarch/cachecontrol-with-filecache-0.14.3-pyhd8ed1ab_0.conda#b4af8c1b61929b1bcb001c2953882149
https://conda.anaconda.org/conda-forge/noarch/dash-bootstrap-components-2.0.4-pyhcf101f3_0.conda#26af33c7e6ae117319e93843e238d165
https://conda.anaconda.org/conda-forge/noarch/dash-core-components-2.0.0-pyhd8ed1ab_1.tar.bz2#c8d6a25578f40106a36765e7932fda90
https://conda.anaconda.org/conda-forge/noarch/dash-daq-0.6.0-pyhd8ed1ab_0.conda#34d23a72e842ded1cd30fdae61e25ff6
https://conda.anaconda.org/conda-forge/noarch/dash-html-components-2.0.0-pyhd8ed1ab_2.conda#7ff2cab17bcfe46dff51259a7dd584d6
https://conda.anaconda.org/conda-forge/noarch/dash_colorscales-0.0.4-pyh9f0ad1d_0.tar.bz2#5f285d533608739c1d98f5e5e69b685a
https://conda.anaconda.org/conda-forge/noarch/missingno-0.5.2-pyhd8ed1ab_1.conda#5a4bf443684a8f812cc9b45409b4fad7
https://conda.anaconda.org/conda-forge/noarch/conda-lock-3.0.4-pyh367d9c9_1.conda#e9cdc696228d9701ec8142fd3ba16f58
https://conda.anaconda.org/conda-forge/noarch/dtale-3.18.2-pyhd8ed1ab_0.conda#7ba4fafad48b9fcc1721fbe0112ad8b5
https://conda.anaconda.org/conda-forge/linux-aarch64/conda-25.9.1-py312h996f985_0.conda#5180dc9382d8c19f262dba09543a5d7d
https://conda.anaconda.org/conda-forge/noarch/conda-libmamba-solver-25.4.0-pyhd8ed1ab_0.conda#d62b8f745ff471d5594ad73605cb9b59
